
Microsoft Visual Studio Solution File, Format Version 12.00
# Visual Studio Version 17
VisualStudioVersion = 17.8.34525.116
MinimumVisualStudioVersion = 10.0.40219.1
Project("{9A19103F-16F7-4668-BE54-9A1E7A4F7556}") = "Api", "Api.csproj", "{C3B9F1BA-7270-4B65-AB6E-D4A286C0DA6C}"
EndProject
Project("{9A19103F-16F7-4668-BE54-9A1E7A4F7556}") = "Domain", "..\Domain\Domain.csproj", "{5A95C322-0FCE-4C86-A0D8-DB830F3D0EAF}"
EndProject
Project("{FAE04EC0-301F-11D3-BF4B-00C04F79EFBC}") = "Data", "..\Data\Data.csproj", "{DC45B362-DBE5-4557-94D0-72FA061A61FF}"
EndProject
Project("{FAE04EC0-301F-11D3-BF4B-00C04F79EFBC}") = "App", "..\App\App.csproj", "{914906F1-212C-45E8-922F-57ADF8FC71EC}"
EndProject
Project("{FAE04EC0-301F-11D3-BF4B-00C04F79EFBC}") = "App.Tests", "..\App.Tests\App.Tests.csproj", "{C6A052C8-42D2-4D43-8025-9590BB34A81F}"
EndProject
Project("{FAE04EC0-301F-11D3-BF4B-00C04F79EFBC}") = "Api.Tests", "..\Api.Tests\Api.Tests.csproj", "{4D043444-654F-4139-AF8D-4B0258F49820}"
EndProject
Global
	GlobalSection(SolutionConfigurationPlatforms) = preSolution
		Debug|Any CPU = Debug|Any CPU
		Release|Any CPU = Release|Any CPU
	EndGlobalSection
	GlobalSection(ProjectConfigurationPlatforms) = postSolution
		{C3B9F1BA-7270-4B65-AB6E-D4A286C0DA6C}.Debug|Any CPU.ActiveCfg = Debug|Any CPU
		{C3B9F1BA-7270-4B65-AB6E-D4A286C0DA6C}.Debug|Any CPU.Build.0 = Debug|Any CPU
		{C3B9F1BA-7270-4B65-AB6E-D4A286C0DA6C}.Release|Any CPU.ActiveCfg = Release|Any CPU
		{C3B9F1BA-7270-4B65-AB6E-D4A286C0DA6C}.Release|Any CPU.Build.0 = Release|Any CPU
		{5A95C322-0FCE-4C86-A0D8-DB830F3D0EAF}.Debug|Any CPU.ActiveCfg = Debug|Any CPU
		{5A95C322-0FCE-4C86-A0D8-DB830F3D0EAF}.Debug|Any CPU.Build.0 = Debug|Any CPU
		{5A95C322-0FCE-4C86-A0D8-DB830F3D0EAF}.Release|Any CPU.ActiveCfg = Release|Any CPU
		{5A95C322-0FCE-4C86-A0D8-DB830F3D0EAF}.Release|Any CPU.Build.0 = Release|Any CPU
		{DC45B362-DBE5-4557-94D0-72FA061A61FF}.Debug|Any CPU.ActiveCfg = Debug|Any CPU
		{DC45B362-DBE5-4557-94D0-72FA061A61FF}.Debug|Any CPU.Build.0 = Debug|Any CPU
		{DC45B362-DBE5-4557-94D0-72FA061A61FF}.Release|Any CPU.ActiveCfg = Release|Any CPU
		{DC45B362-DBE5-4557-94D0-72FA061A61FF}.Release|Any CPU.Build.0 = Release|Any CPU
		{914906F1-212C-45E8-922F-57ADF8FC71EC}.Debug|Any CPU.ActiveCfg = Debug|Any CPU
		{914906F1-212C-45E8-922F-57ADF8FC71EC}.Debug|Any CPU.Build.0 = Debug|Any CPU
		{914906F1-212C-45E8-922F-57ADF8FC71EC}.Release|Any CPU.ActiveCfg = Release|Any CPU
		{914906F1-212C-45E8-922F-57ADF8FC71EC}.Release|Any CPU.Build.0 = Release|Any CPU
		{C6A052C8-42D2-4D43-8025-9590BB34A81F}.Debug|Any CPU.ActiveCfg = Debug|Any CPU
		{C6A052C8-42D2-4D43-8025-9590BB34A81F}.Debug|Any CPU.Build.0 = Debug|Any CPU
		{C6A052C8-42D2-4D43-8025-9590BB34A81F}.Release|Any CPU.ActiveCfg = Release|Any CPU
		{C6A052C8-42D2-4D43-8025-9590BB34A81F}.Release|Any CPU.Build.0 = Release|Any CPU
		{4D043444-654F-4139-AF8D-4B0258F49820}.Debug|Any CPU.ActiveCfg = Debug|Any CPU
		{4D043444-654F-4139-AF8D-4B0258F49820}.Debug|Any CPU.Build.0 = Debug|Any CPU
		{4D043444-654F-4139-AF8D-4B0258F49820}.Release|Any CPU.ActiveCfg = Release|Any CPU
		{4D043444-654F-4139-AF8D-4B0258F49820}.Release|Any CPU.Build.0 = Release|Any CPU
	EndGlobalSection
	GlobalSection(SolutionProperties) = preSolution
		HideSolutionNode = FALSE
	EndGlobalSection
	GlobalSection(ExtensibilityGlobals) = postSolution
		SolutionGuid = {3AB281BE-1BAA-4C7F-BE68-7CB4676ED1D3}
	EndGlobalSection
EndGlobal
